
Microsoft Visual Studio Solution File, Format Version 12.00
# Visual Studio Version 17
VisualStudioVersion = 17.3.32922.545
MinimumVisualStudioVersion = 10.0.40219.1
Project("{FAE04EC0-301F-11D3-BF4B-00C04F79EFBC}") = "console project", "console project\console project.csproj", "{AA2537F7-F01F-47F2-96E3-31BE65360A45}"
EndProject
Global
	GlobalSection(SolutionConfigurationPlatforms) = preSolution
		Debug|Any CPU = Debug|Any CPU
		Release|Any CPU = Release|Any CPU
	EndGlobalSection
	GlobalSection(ProjectConfigurationPlatforms) = postSolution
		{AA2537F7-F01F-47F2-96E3-31BE65360A45}.Debug|Any CPU.ActiveCfg = Debug|Any CPU
		{AA2537F7-F01F-47F2-96E3-31BE65360A45}.Debug|Any CPU.Build.0 = Debug|Any CPU
		{AA2537F7-F01F-47F2-96E3-31BE65360A45}.Release|Any CPU.ActiveCfg = Release|Any CPU
		{AA2537F7-F01F-47F2-96E3-31BE65360A45}.Release|Any CPU.Build.0 = Release|Any CPU
	EndGlobalSection
	GlobalSection(SolutionProperties) = preSolution
		HideSolutionNode = FALSE
	EndGlobalSection
	GlobalSection(ExtensibilityGlobals) = postSolution
		SolutionGuid = {FE65B1E4-F6B3-4E02-B754-967142399694}
	EndGlobalSection
EndGlobal
